
Microsoft Visual Studio Solution File, Format Version 12.00
# Visual Studio 15
VisualStudioVersion = 15.0.27703.2000
MinimumVisualStudioVersion = 10.0.40219.1
Project("{9A19103F-16F7-4668-BE54-9A1E7A4F7556}") = "GenericSerializer", "GenericSerializer\GenericSerializer.csproj", "{64941637-56B7-4B09-9AAB-61765F1E8B54}"
EndProject
Project("{FAE04EC0-301F-11D3-BF4B-00C04F79EFBC}") = "GenericSerializerTests", "GenericSerializerTests\GenericSerializerTests.csproj", "{FA5F0A97-AA5C-43B8-9016-7213B5A0FF34}"
EndProject
Global
	GlobalSection(SolutionConfigurationPlatforms) = preSolution
		Debug|Any CPU = Debug|Any CPU
		Release|Any CPU = Release|Any CPU
	EndGlobalSection
	GlobalSection(ProjectConfigurationPlatforms) = postSolution
		{64941637-56B7-4B09-9AAB-61765F1E8B54}.Debug|Any CPU.ActiveCfg = Debug|Any CPU
		{64941637-56B7-4B09-9AAB-61765F1E8B54}.Debug|Any CPU.Build.0 = Debug|Any CPU
		{64941637-56B7-4B09-9AAB-61765F1E8B54}.Release|Any CPU.ActiveCfg = Release|Any CPU
		{64941637-56B7-4B09-9AAB-61765F1E8B54}.Release|Any CPU.Build.0 = Release|Any CPU
		{FA5F0A97-AA5C-43B8-9016-7213B5A0FF34}.Debug|Any CPU.ActiveCfg = Debug|Any CPU
		{FA5F0A97-AA5C-43B8-9016-7213B5A0FF34}.Debug|Any CPU.Build.0 = Debug|Any CPU
		{FA5F0A97-AA5C-43B8-9016-7213B5A0FF34}.Release|Any CPU.ActiveCfg = Release|Any CPU
		{FA5F0A97-AA5C-43B8-9016-7213B5A0FF34}.Release|Any CPU.Build.0 = Release|Any CPU
	EndGlobalSection
	GlobalSection(SolutionProperties) = preSolution
		HideSolutionNode = FALSE
	EndGlobalSection
	GlobalSection(ExtensibilityGlobals) = postSolution
		SolutionGuid = {3EAF0DAF-7756-49AD-B8F6-699D18593989}
	EndGlobalSection
EndGlobal
